{
  "name": "makers_shop",
  "version": "0.1.0",
  "lockfileVersion": 1,
  "requires": true,
  "dependencies": {
    "simple-react-footer": {
      "version": "1.0.2",
      "resolved": "https://registry.npmjs.org/simple-react-footer/-/simple-react-footer-1.0.2.tgz",
      "integrity": "sha512-m4iop6OLZqx/Avfn98T/97fAttt/dmRiiwXXIDv5Fmrq6hJOOCDloK0Ddawq1JtQ6ScfyiLd/L9gR8FxBF/paA=="
    },
    "yarn": {
      "version": "1.22.11",
      "resolved": "https://registry.npmjs.org/yarn/-/yarn-1.22.11.tgz",
      "integrity": "sha512-AWje4bzqO9RUn3sdnM5N8n4ZJ0BqCc/kqFJvpOI5/EVkINXui0yuvU7NDCEF//+WaxHuNay2uOHxA4+tq1P3cg=="
    }
  }
}
